
Microsoft Visual Studio Solution File, Format Version 12.00
# Visual Studio Version 16
VisualStudioVersion = 16.0.30413.136
MinimumVisualStudioVersion = 10.0.40219.1
Project("{2150E333-8FDC-42A3-9474-1A3956D46DE8}") = "1-Domain", "1-Domain", "{CAA9CC42-3E97-4599-8606-7E23670CA0F0}"
EndProject
Project("{2150E333-8FDC-42A3-9474-1A3956D46DE8}") = "2-Infra", "2-Infra", "{EF427E09-8452-4484-A5C1-89066B7D7068}"
EndProject
Project("{2150E333-8FDC-42A3-9474-1A3956D46DE8}") = "2.2-Data", "2.2-Data", "{447B6583-C4B4-476C-B107-7EE61AF387CE}"
EndProject
Project("{2150E333-8FDC-42A3-9474-1A3956D46DE8}") = "Src", "Src", "{ADDEF947-B32A-4504-8D24-9CADCD4DF137}"
EndProject
Project("{2150E333-8FDC-42A3-9474-1A3956D46DE8}") = "Test", "Test", "{06D178C6-215F-4834-B5BD-D9121B2B3F1C}"
EndProject
Project("{2150E333-8FDC-42A3-9474-1A3956D46DE8}") = "0-Services", "0-Services", "{80926FBB-5609-494C-857C-7DDB9733C052}"
EndProject
Project("{2150E333-8FDC-42A3-9474-1A3956D46DE8}") = "2.1-CrossCutting", "2.1-CrossCutting", "{677B57B1-AC1E-4EAA-B870-14E681BA1CA2}"
EndProject
Project("{9A19103F-16F7-4668-BE54-9A1E7A4F7556}") = "BancoRenisson.Infra.Data", "BancoRenisson.Infra.Data\BancoRenisson.Infra.Data.csproj", "{2112AE52-7EAB-46BE-A26A-9AD5C6D80140}"
EndProject
Project("{9A19103F-16F7-4668-BE54-9A1E7A4F7556}") = "BancoRenisson.Domain", "BancoRenisson.Domain\BancoRenisson.Domain.csproj", "{D51A251B-2CA8-48D8-BA81-C794B8CC1741}"
EndProject
Project("{9A19103F-16F7-4668-BE54-9A1E7A4F7556}") = "BancoRenisson.App", "BancoRenisson.App\BancoRenisson.App.csproj", "{3FE490DF-7F9B-4AD6-9FD7-A478D6EE5D61}"
EndProject
Project("{9A19103F-16F7-4668-BE54-9A1E7A4F7556}") = "BancoRenisson.Domain.Core", "BancoRenisson.Domain.Core\BancoRenisson.Domain.Core.csproj", "{338BB360-ADB3-4CC7-B310-A4CC610C760A}"
EndProject
Project("{9A19103F-16F7-4668-BE54-9A1E7A4F7556}") = "BancoRenisson.Infra.CrossCutting.Ioc", "BancoRenisson.Infra.CrossCutting,Ioc\BancoRenisson.Infra.CrossCutting.Ioc.csproj", "{FB395735-5B83-4A3A-AE3A-50CB04EB52B2}"
EndProject
Project("{9A19103F-16F7-4668-BE54-9A1E7A4F7556}") = "BancoRenisson.DomainTest", "Teste\BancoRenisson.DomainTest.csproj", "{D1F62D39-A3FB-404F-B02E-EC566369F356}"
EndProject
Project("{FAE04EC0-301F-11D3-BF4B-00C04F79EFBC}") = "BancoRenisson.Infra.CrossCutting.Helper", "BancoRenisson.Infra.CrossCutting,Helper\BancoRenisson.Infra.CrossCutting.Helper.csproj", "{F3CF0865-39C6-4F9D-B666-CB8FE2B19F80}"
EndProject
Project("{FAE04EC0-301F-11D3-BF4B-00C04F79EFBC}") = "BancoRenisson.Infra.CrossCutting.Jobs", "BancoRenisson.Infra.CrossCutting.Jobs\BancoRenisson.Infra.CrossCutting.Jobs.csproj", "{E9CCA4E0-A11F-43D9-AC14-B3DFA4239E87}"
EndProject
Global
	GlobalSection(SolutionConfigurationPlatforms) = preSolution
		Debug|Any CPU = Debug|Any CPU
		Release|Any CPU = Release|Any CPU
	EndGlobalSection
	GlobalSection(ProjectConfigurationPlatforms) = postSolution
		{2112AE52-7EAB-46BE-A26A-9AD5C6D80140}.Debug|Any CPU.ActiveCfg = Debug|Any CPU
		{2112AE52-7EAB-46BE-A26A-9AD5C6D80140}.Debug|Any CPU.Build.0 = Debug|Any CPU
		{2112AE52-7EAB-46BE-A26A-9AD5C6D80140}.Release|Any CPU.ActiveCfg = Release|Any CPU
		{2112AE52-7EAB-46BE-A26A-9AD5C6D80140}.Release|Any CPU.Build.0 = Release|Any CPU
		{D51A251B-2CA8-48D8-BA81-C794B8CC1741}.Debug|Any CPU.ActiveCfg = Debug|Any CPU
		{D51A251B-2CA8-48D8-BA81-C794B8CC1741}.Debug|Any CPU.Build.0 = Debug|Any CPU
		{D51A251B-2CA8-48D8-BA81-C794B8CC1741}.Release|Any CPU.ActiveCfg = Release|Any CPU
		{D51A251B-2CA8-48D8-BA81-C794B8CC1741}.Release|Any CPU.Build.0 = Release|Any CPU
		{3FE490DF-7F9B-4AD6-9FD7-A478D6EE5D61}.Debug|Any CPU.ActiveCfg = Debug|Any CPU
		{3FE490DF-7F9B-4AD6-9FD7-A478D6EE5D61}.Debug|Any CPU.Build.0 = Debug|Any CPU
		{3FE490DF-7F9B-4AD6-9FD7-A478D6EE5D61}.Release|Any CPU.ActiveCfg = Release|Any CPU
		{3FE490DF-7F9B-4AD6-9FD7-A478D6EE5D61}.Release|Any CPU.Build.0 = Release|Any CPU
		{338BB360-ADB3-4CC7-B310-A4CC610C760A}.Debug|Any CPU.ActiveCfg = Debug|Any CPU
		{338BB360-ADB3-4CC7-B310-A4CC610C760A}.Debug|Any CPU.Build.0 = Debug|Any CPU
		{338BB360-ADB3-4CC7-B310-A4CC610C760A}.Release|Any CPU.ActiveCfg = Release|Any CPU
		{338BB360-ADB3-4CC7-B310-A4CC610C760A}.Release|Any CPU.Build.0 = Release|Any CPU
		{FB395735-5B83-4A3A-AE3A-50CB04EB52B2}.Debug|Any CPU.ActiveCfg = Debug|Any CPU
		{FB395735-5B83-4A3A-AE3A-50CB04EB52B2}.Debug|Any CPU.Build.0 = Debug|Any CPU
		{FB395735-5B83-4A3A-AE3A-50CB04EB52B2}.Release|Any CPU.ActiveCfg = Release|Any CPU
		{FB395735-5B83-4A3A-AE3A-50CB04EB52B2}.Release|Any CPU.Build.0 = Release|Any CPU
		{D1F62D39-A3FB-404F-B02E-EC566369F356}.Debug|Any CPU.ActiveCfg = Debug|Any CPU
		{D1F62D39-A3FB-404F-B02E-EC566369F356}.Debug|Any CPU.Build.0 = Debug|Any CPU
		{D1F62D39-A3FB-404F-B02E-EC566369F356}.Release|Any CPU.ActiveCfg = Release|Any CPU
		{D1F62D39-A3FB-404F-B02E-EC566369F356}.Release|Any CPU.Build.0 = Release|Any CPU
		{F3CF0865-39C6-4F9D-B666-CB8FE2B19F80}.Debug|Any CPU.ActiveCfg = Debug|Any CPU
		{F3CF0865-39C6-4F9D-B666-CB8FE2B19F80}.Debug|Any CPU.Build.0 = Debug|Any CPU
		{F3CF0865-39C6-4F9D-B666-CB8FE2B19F80}.Release|Any CPU.ActiveCfg = Release|Any CPU
		{F3CF0865-39C6-4F9D-B666-CB8FE2B19F80}.Release|Any CPU.Build.0 = Release|Any CPU
		{E9CCA4E0-A11F-43D9-AC14-B3DFA4239E87}.Debug|Any CPU.ActiveCfg = Debug|Any CPU
		{E9CCA4E0-A11F-43D9-AC14-B3DFA4239E87}.Debug|Any CPU.Build.0 = Debug|Any CPU
		{E9CCA4E0-A11F-43D9-AC14-B3DFA4239E87}.Release|Any CPU.ActiveCfg = Release|Any CPU
		{E9CCA4E0-A11F-43D9-AC14-B3DFA4239E87}.Release|Any CPU.Build.0 = Release|Any CPU
	EndGlobalSection
	GlobalSection(SolutionProperties) = preSolution
		HideSolutionNode = FALSE
	EndGlobalSection
	GlobalSection(NestedProjects) = preSolution
		{CAA9CC42-3E97-4599-8606-7E23670CA0F0} = {ADDEF947-B32A-4504-8D24-9CADCD4DF137}
		{EF427E09-8452-4484-A5C1-89066B7D7068} = {ADDEF947-B32A-4504-8D24-9CADCD4DF137}
		{447B6583-C4B4-476C-B107-7EE61AF387CE} = {EF427E09-8452-4484-A5C1-89066B7D7068}
		{80926FBB-5609-494C-857C-7DDB9733C052} = {ADDEF947-B32A-4504-8D24-9CADCD4DF137}
		{677B57B1-AC1E-4EAA-B870-14E681BA1CA2} = {EF427E09-8452-4484-A5C1-89066B7D7068}
		{2112AE52-7EAB-46BE-A26A-9AD5C6D80140} = {447B6583-C4B4-476C-B107-7EE61AF387CE}
		{D51A251B-2CA8-48D8-BA81-C794B8CC1741} = {CAA9CC42-3E97-4599-8606-7E23670CA0F0}
		{3FE490DF-7F9B-4AD6-9FD7-A478D6EE5D61} = {80926FBB-5609-494C-857C-7DDB9733C052}
		{338BB360-ADB3-4CC7-B310-A4CC610C760A} = {CAA9CC42-3E97-4599-8606-7E23670CA0F0}
		{FB395735-5B83-4A3A-AE3A-50CB04EB52B2} = {677B57B1-AC1E-4EAA-B870-14E681BA1CA2}
		{D1F62D39-A3FB-404F-B02E-EC566369F356} = {06D178C6-215F-4834-B5BD-D9121B2B3F1C}
		{F3CF0865-39C6-4F9D-B666-CB8FE2B19F80} = {677B57B1-AC1E-4EAA-B870-14E681BA1CA2}
		{E9CCA4E0-A11F-43D9-AC14-B3DFA4239E87} = {677B57B1-AC1E-4EAA-B870-14E681BA1CA2}
	EndGlobalSection
	GlobalSection(ExtensibilityGlobals) = postSolution
		SolutionGuid = {ED0613FB-47DB-4C1E-81C9-C779935B950B}
	EndGlobalSection
EndGlobal
